<?xml version="1.0" encoding="utf-8"?>
<Project ToolsVersion="4.0" xmlns="http://schemas.microsoft.com/developer/msbuild/2003">
  <ItemGroup>
    <ClInclude Include="stdafx.h" />
    <ClInclude Include="targetver.h" />
    <ClInclude Include="MainGame.h" />
    <ClInclude Include="GameNode.h" />
    <ClInclude Include="MyFunc.h" />
    <ClInclude Include="Object\Rect.h" />
    <ClInclude Include="Object\Circle.h" />
    <ClInclude Include="Singleton\SoundManager.h" />
    <ClInclude Include="Singleton\SingletonBase.h" />
    <ClInclude Include="Singleton\TimeManager.h" />
    <ClInclude Include="Singleton\KeyManager.h" />
    <ClInclude Include="Object\Shader.h" />
    <ClInclude Include="Singleton\CameraManager.h" />
    <ClInclude Include="Object\Image.h" />
    <ClInclude Include="Singleton\ImageManager.h" />
    <ClInclude Include="Singleton\WriteManager.h" />
    <ClInclude Include="Singleton\SceneManager.h" />
    <ClInclude Include="MiniGame\MainMenu.h" />
    <ClInclude Include="MiniGame\Intro.h" />
    <ClInclude Include="MiniGame\OptionMenu.h" />
  </ItemGroup>
  <ItemGroup>
    <ClCompile Include="WinAPI32.cpp" />
    <ClCompile Include="MainGame.cpp" />
    <ClCompile Include="Object\Rect.cpp" />
    <ClCompile Include="Object\Circle.cpp" />
    <ClCompile Include="Singleton\SoundManager.cpp" />
    <ClCompile Include="Singleton\TimeManager.cpp" />
    <ClCompile Include="Singleton\KeyManager.cpp" />
    <ClCompile Include="Object\Shader.cpp" />
    <ClCompile Include="Singleton\CameraManager.cpp" />
    <ClCompile Include="Object\Image.cpp" />
    <ClCompile Include="Singleton\ImageManager.cpp" />
    <ClCompile Include="Singleton\WriteManager.cpp" />
    <ClCompile Include="Singleton\SceneManager.cpp" />
    <ClCompile Include="MiniGame\MainMenu.cpp" />
    <ClCompile Include="MiniGame\Intro.cpp" />
    <ClCompile Include="MiniGame\OptionMenu.cpp" />
  </ItemGroup>
  <ItemGroup>
    <None Include="Object\Basic.hlsl" />
    <None Include="Object\Image.hlsl" />
  </ItemGroup>
</Project>